
Microsoft Visual Studio Solution File, Format Version 12.00
# Visual Studio Version 17
VisualStudioVersion = 17.0.31903.59
MinimumVisualStudioVersion = 10.0.40219.1
Project("{FAE04EC0-301F-11D3-BF4B-00C04F79EFBC}") = "AspireExample.AppHost", "AspireExample.AppHost\AspireExample.AppHost.csproj", "{1B062B47-8430-4D95-B262-DF2B71E3AADB}"
EndProject
Project("{FAE04EC0-301F-11D3-BF4B-00C04F79EFBC}") = "AspireExample.ServiceDefaults", "AspireExample.ServiceDefaults\AspireExample.ServiceDefaults.csproj", "{ECF9EEF5-CB89-4B73-AE9E-3DD09BFC08DE}"
EndProject
Global
	GlobalSection(SolutionConfigurationPlatforms) = preSolution
		Debug|Any CPU = Debug|Any CPU
		Release|Any CPU = Release|Any CPU
	EndGlobalSection
	GlobalSection(SolutionProperties) = preSolution
		HideSolutionNode = FALSE
	EndGlobalSection
	GlobalSection(ProjectConfigurationPlatforms) = postSolution
		{1B062B47-8430-4D95-B262-DF2B71E3AADB}.Debug|Any CPU.ActiveCfg = Debug|Any CPU
		{1B062B47-8430-4D95-B262-DF2B71E3AADB}.Debug|Any CPU.Build.0 = Debug|Any CPU
		{1B062B47-8430-4D95-B262-DF2B71E3AADB}.Release|Any CPU.ActiveCfg = Release|Any CPU
		{1B062B47-8430-4D95-B262-DF2B71E3AADB}.Release|Any CPU.Build.0 = Release|Any CPU
		{ECF9EEF5-CB89-4B73-AE9E-3DD09BFC08DE}.Debug|Any CPU.ActiveCfg = Debug|Any CPU
		{ECF9EEF5-CB89-4B73-AE9E-3DD09BFC08DE}.Debug|Any CPU.Build.0 = Debug|Any CPU
		{ECF9EEF5-CB89-4B73-AE9E-3DD09BFC08DE}.Release|Any CPU.ActiveCfg = Release|Any CPU
		{ECF9EEF5-CB89-4B73-AE9E-3DD09BFC08DE}.Release|Any CPU.Build.0 = Release|Any CPU
	EndGlobalSection
EndGlobal
